// !$*UTF8*$!
{
	archiveVersion = 1;
	classes = {
	};
	objectVersion = 46;
	objects = {

/* Begin PBXBuildFile section */
		F6E55EA31E9B414C00E4EFB9 /* ReactNativePay.m in Sources */ = {isa = PBXBuildFile; fileRef = F6E55EA21E9B414C00E4EFB9 /* ReactNativePay.m */; };
		F6E55EA41E9B414C00E4EFB9 /* ReactNativePay.h in CopyFiles */ = {isa = PBXBuildFile; fileRef = F6E55EA11E9B414C00E4EFB9 /* ReactNativePay.h */; };
		F6E55EF11E9B465700E4EFB9 /* libWeChatSDK.a in Frameworks */ = {isa = PBXBuildFile; fileRef = F6E55EE31E9B465700E4EFB9 /* libWeChatSDK.a */; };
		F6E55EF31E9B465700E4EFB9 /* WXApiManager.m in Sources */ = {isa = PBXBuildFile; fileRef = F6E55EEA1E9B465700E4EFB9 /* WXApiManager.m */; };
		F6E55EF41E9B465700E4EFB9 /* WXPay.m in Sources */ = {isa = PBXBuildFile; fileRef = F6E55EED1E9B465700E4EFB9 /* WXPay.m */; };
		F6E55EF51E9B465700E4EFB9 /* AlipaySDK.framework in Frameworks */ = {isa = PBXBuildFile; fileRef = F6E55EF01E9B465700E4EFB9 /* AlipaySDK.framework */; };
		F6E55EF81E9B469400E4EFB9 /* libsqlite3.tbd in Frameworks */ = {isa = PBXBuildFile; fileRef = F6E55EF71E9B469400E4EFB9 /* libsqlite3.tbd */; };
		F6E55EFA1E9B46D600E4EFB9 /* SystemConfiguration.framework in Frameworks */ = {isa = PBXBuildFile; fileRef = F6E55EF91E9B46D600E4EFB9 /* SystemConfiguration.framework */; };
		F6E55EFC1E9B46E500E4EFB9 /* CoreTelephony.framework in Frameworks */ = {isa = PBXBuildFile; fileRef = F6E55EFB1E9B46E500E4EFB9 /* CoreTelephony.framework */; };
		F6E55EFE1E9B46F000E4EFB9 /* QuartzCore.framework in Frameworks */ = {isa = PBXBuildFile; fileRef = F6E55EFD1E9B46F000E4EFB9 /* QuartzCore.framework */; };
		F6E55F001E9B46FA00E4EFB9 /* CoreText.framework in Frameworks */ = {isa = PBXBuildFile; fileRef = F6E55EFF1E9B46FA00E4EFB9 /* CoreText.framework */; };
		F6E55F021E9B470600E4EFB9 /* CoreGraphics.framework in Frameworks */ = {isa = PBXBuildFile; fileRef = F6E55F011E9B470600E4EFB9 /* CoreGraphics.framework */; };
		F6E55F041E9B470F00E4EFB9 /* UIKit.framework in Frameworks */ = {isa = PBXBuildFile; fileRef = F6E55F031E9B470F00E4EFB9 /* UIKit.framework */; };
		F6E55F061E9B471D00E4EFB9 /* Foundation.framework in Frameworks */ = {isa = PBXBuildFile; fileRef = F6E55F051E9B471D00E4EFB9 /* Foundation.framework */; };
		F6E55F081E9B472800E4EFB9 /* CFNetwork.framework in Frameworks */ = {isa = PBXBuildFile; fileRef = F6E55F071E9B472800E4EFB9 /* CFNetwork.framework */; };
		F6E55F0A1E9B474300E4EFB9 /* CoreMotion.framework in Frameworks */ = {isa = PBXBuildFile; fileRef = F6E55F091E9B474300E4EFB9 /* CoreMotion.framework */; };
		F6E55F0C1E9B475200E4EFB9 /* libc++.tbd in Frameworks */ = {isa = PBXBuildFile; fileRef = F6E55F0B1E9B475200E4EFB9 /* libc++.tbd */; };
		F6E55F0E1E9B475A00E4EFB9 /* libz.tbd in Frameworks */ = {isa = PBXBuildFile; fileRef = F6E55F0D1E9B475A00E4EFB9 /* libz.tbd */; };
/* End PBXBuildFile section */

/* Begin PBXCopyFilesBuildPhase section */
		F6E55E9C1E9B414C00E4EFB9 /* CopyFiles */ = {
			isa = PBXCopyFilesBuildPhase;
			buildActionMask = 2147483647;
			dstPath = "include/$(PRODUCT_NAME)";
			dstSubfolderSpec = 16;
			files = (
				F6E55EA41E9B414C00E4EFB9 /* ReactNativePay.h in CopyFiles */,
			);
			runOnlyForDeploymentPostprocessing = 0;
		};
/* End PBXCopyFilesBuildPhase section */

/* Begin PBXFileReference section */
		F6E55E9E1E9B414C00E4EFB9 /* libReactNativePay.a */ = {isa = PBXFileReference; explicitFileType = archive.ar; includeInIndex = 0; path = libReactNativePay.a; sourceTree = BUILT_PRODUCTS_DIR; };
		F6E55EA11E9B414C00E4EFB9 /* ReactNativePay.h */ = {isa = PBXFileReference; lastKnownFileType = sourcecode.c.h; path = ReactNativePay.h; sourceTree = "<group>"; };
		F6E55EA21E9B414C00E4EFB9 /* ReactNativePay.m */ = {isa = PBXFileReference; lastKnownFileType = sourcecode.c.objc; path = ReactNativePay.m; sourceTree = "<group>"; };
		F6E55EE31E9B465700E4EFB9 /* libWeChatSDK.a */ = {isa = PBXFileReference; lastKnownFileType = archive.ar; path = libWeChatSDK.a; sourceTree = "<group>"; };
		F6E55EE41E9B465700E4EFB9 /* README.txt */ = {isa = PBXFileReference; fileEncoding = 4; lastKnownFileType = text; path = README.txt; sourceTree = "<group>"; };
		F6E55EE71E9B465700E4EFB9 /* WechatAuthSDK.h */ = {isa = PBXFileReference; fileEncoding = 4; lastKnownFileType = sourcecode.c.h; path = WechatAuthSDK.h; sourceTree = "<group>"; };
		F6E55EE81E9B465700E4EFB9 /* WXApi.h */ = {isa = PBXFileReference; fileEncoding = 4; lastKnownFileType = sourcecode.c.h; path = WXApi.h; sourceTree = "<group>"; };
		F6E55EE91E9B465700E4EFB9 /* WXApiManager.h */ = {isa = PBXFileReference; fileEncoding = 4; lastKnownFileType = sourcecode.c.h; path = WXApiManager.h; sourceTree = "<group>"; };
		F6E55EEA1E9B465700E4EFB9 /* WXApiManager.m */ = {isa = PBXFileReference; fileEncoding = 4; lastKnownFileType = sourcecode.c.objc; path = WXApiManager.m; sourceTree = "<group>"; };
		F6E55EEB1E9B465700E4EFB9 /* WXApiObject.h */ = {isa = PBXFileReference; fileEncoding = 4; lastKnownFileType = sourcecode.c.h; path = WXApiObject.h; sourceTree = "<group>"; };
		F6E55EEC1E9B465700E4EFB9 /* WXPay.h */ = {isa = PBXFileReference; fileEncoding = 4; lastKnownFileType = sourcecode.c.h; path = WXPay.h; sourceTree = "<group>"; };
		F6E55EED1E9B465700E4EFB9 /* WXPay.m */ = {isa = PBXFileReference; fileEncoding = 4; lastKnownFileType = sourcecode.c.objc; path = WXPay.m; sourceTree = "<group>"; };
		F6E55EEF1E9B465700E4EFB9 /* AlipaySDK.bundle */ = {isa = PBXFileReference; lastKnownFileType = "wrapper.plug-in"; path = AlipaySDK.bundle; sourceTree = "<group>"; };
		F6E55EF01E9B465700E4EFB9 /* AlipaySDK.framework */ = {isa = PBXFileReference; lastKnownFileType = wrapper.framework; path = AlipaySDK.framework; sourceTree = "<group>"; };
		F6E55EF71E9B469400E4EFB9 /* libsqlite3.tbd */ = {isa = PBXFileReference; lastKnownFileType = "sourcecode.text-based-dylib-definition"; name = libsqlite3.tbd; path = usr/lib/libsqlite3.tbd; sourceTree = SDKROOT; };
		F6E55EF91E9B46D600E4EFB9 /* SystemConfiguration.framework */ = {isa = PBXFileReference; lastKnownFileType = wrapper.framework; name = SystemConfiguration.framework; path = System/Library/Frameworks/SystemConfiguration.framework; sourceTree = SDKROOT; };
		F6E55EFB1E9B46E500E4EFB9 /* CoreTelephony.framework */ = {isa = PBXFileReference; lastKnownFileType = wrapper.framework; name = CoreTelephony.framework; path = System/Library/Frameworks/CoreTelephony.framework; sourceTree = SDKROOT; };
		F6E55EFD1E9B46F000E4EFB9 /* QuartzCore.framework */ = {isa = PBXFileReference; lastKnownFileType = wrapper.framework; name = QuartzCore.framework; path = System/Library/Frameworks/QuartzCore.framework; sourceTree = SDKROOT; };
		F6E55EFF1E9B46FA00E4EFB9 /* CoreText.framework */ = {isa = PBXFileReference; lastKnownFileType = wrapper.framework; name = CoreText.framework; path = System/Library/Frameworks/CoreText.framework; sourceTree = SDKROOT; };
		F6E55F011E9B470600E4EFB9 /* CoreGraphics.framework */ = {isa = PBXFileReference; lastKnownFileType = wrapper.framework; name = CoreGraphics.framework; path = System/Library/Frameworks/CoreGraphics.framework; sourceTree = SDKROOT; };
		F6E55F031E9B470F00E4EFB9 /* UIKit.framework */ = {isa = PBXFileReference; lastKnownFileType = wrapper.framework; name = UIKit.framework; path = System/Library/Frameworks/UIKit.framework; sourceTree = SDKROOT; };
		F6E55F051E9B471D00E4EFB9 /* Foundation.framework */ = {isa = PBXFileReference; lastKnownFileType = wrapper.framework; name = Foundation.framework; path = System/Library/Frameworks/Foundation.framework; sourceTree = SDKROOT; };
		F6E55F071E9B472800E4EFB9 /* CFNetwork.framework */ = {isa = PBXFileReference; lastKnownFileType = wrapper.framework; name = CFNetwork.framework; path = System/Library/Frameworks/CFNetwork.framework; sourceTree = SDKROOT; };
		F6E55F091E9B474300E4EFB9 /* CoreMotion.framework */ = {isa = PBXFileReference; lastKnownFileType = wrapper.framework; name = CoreMotion.framework; path = System/Library/Frameworks/CoreMotion.framework; sourceTree = SDKROOT; };
		F6E55F0B1E9B475200E4EFB9 /* libc++.tbd */ = {isa = PBXFileReference; lastKnownFileType = "sourcecode.text-based-dylib-definition"; name = "libc++.tbd"; path = "usr/lib/libc++.tbd"; sourceTree = SDKROOT; };
		F6E55F0D1E9B475A00E4EFB9 /* libz.tbd */ = {isa = PBXFileReference; lastKnownFileType = "sourcecode.text-based-dylib-definition"; name = libz.tbd; path = usr/lib/libz.tbd; sourceTree = SDKROOT; };
/* End PBXFileReference section */

/* Begin PBXFrameworksBuildPhase section */
		F6E55E9B1E9B414C00E4EFB9 /* Frameworks */ = {
			isa = PBXFrameworksBuildPhase;
			buildActionMask = 2147483647;
			files = (
				F6E55F0E1E9B475A00E4EFB9 /* libz.tbd in Frameworks */,
				F6E55F0C1E9B475200E4EFB9 /* libc++.tbd in Frameworks */,
				F6E55F0A1E9B474300E4EFB9 /* CoreMotion.framework in Frameworks */,
				F6E55F081E9B472800E4EFB9 /* CFNetwork.framework in Frameworks */,
				F6E55F061E9B471D00E4EFB9 /* Foundation.framework in Frameworks */,
				F6E55F041E9B470F00E4EFB9 /* UIKit.framework in Frameworks */,
				F6E55F021E9B470600E4EFB9 /* CoreGraphics.framework in Frameworks */,
				F6E55F001E9B46FA00E4EFB9 /* CoreText.framework in Frameworks */,
				F6E55EFE1E9B46F000E4EFB9 /* QuartzCore.framework in Frameworks */,
				F6E55EFC1E9B46E500E4EFB9 /* CoreTelephony.framework in Frameworks */,
				F6E55EFA1E9B46D600E4EFB9 /* SystemConfiguration.framework in Frameworks */,
				F6E55EF81E9B469400E4EFB9 /* libsqlite3.tbd in Frameworks */,
				F6E55EF11E9B465700E4EFB9 /* libWeChatSDK.a in Frameworks */,
				F6E55EF51E9B465700E4EFB9 /* AlipaySDK.framework in Frameworks */,
			);
			runOnlyForDeploymentPostprocessing = 0;
		};
/* End PBXFrameworksBuildPhase section */

/* Begin PBXGroup section */
		F6E55E951E9B414C00E4EFB9 = {
			isa = PBXGroup;
			children = (
				F6E55EE11E9B465700E4EFB9 /* PaySdk */,
				F6E55EA01E9B414C00E4EFB9 /* ReactNativePay */,
				F6E55E9F1E9B414C00E4EFB9 /* Products */,
				F6E55EF61E9B469400E4EFB9 /* Frameworks */,
			);
			sourceTree = "<group>";
		};
		F6E55E9F1E9B414C00E4EFB9 /* Products */ = {
			isa = PBXGroup;
			children = (
				F6E55E9E1E9B414C00E4EFB9 /* libReactNativePay.a */,
			);
			name = Products;
			sourceTree = "<group>";
		};
		F6E55EA01E9B414C00E4EFB9 /* ReactNativePay */ = {
			isa = PBXGroup;
			children = (
				F6E55EA11E9B414C00E4EFB9 /* ReactNativePay.h */,
				F6E55EA21E9B414C00E4EFB9 /* ReactNativePay.m */,
			);
			path = ReactNativePay;
			sourceTree = "<group>";
		};
		F6E55EE11E9B465700E4EFB9 /* PaySdk */ = {
			isa = PBXGroup;
			children = (
				F6E55EE21E9B465700E4EFB9 /* 微信 */,
				F6E55EEE1E9B465700E4EFB9 /* 支付宝 */,
			);
			path = PaySdk;
			sourceTree = "<group>";
		};
		F6E55EE21E9B465700E4EFB9 /* 微信 */ = {
			isa = PBXGroup;
			children = (
				F6E55EE31E9B465700E4EFB9 /* libWeChatSDK.a */,
				F6E55EE41E9B465700E4EFB9 /* README.txt */,
				F6E55EE71E9B465700E4EFB9 /* WechatAuthSDK.h */,
				F6E55EE81E9B465700E4EFB9 /* WXApi.h */,
				F6E55EE91E9B465700E4EFB9 /* WXApiManager.h */,
				F6E55EEA1E9B465700E4EFB9 /* WXApiManager.m */,
				F6E55EEB1E9B465700E4EFB9 /* WXApiObject.h */,
				F6E55EEC1E9B465700E4EFB9 /* WXPay.h */,
				F6E55EED1E9B465700E4EFB9 /* WXPay.m */,
			);
			path = "微信";
			sourceTree = "<group>";
		};
		F6E55EEE1E9B465700E4EFB9 /* 支付宝 */ = {
			isa = PBXGroup;
			children = (
				F6E55EEF1E9B465700E4EFB9 /* AlipaySDK.bundle */,
				F6E55EF01E9B465700E4EFB9 /* AlipaySDK.framework */,
			);
			path = "支付宝";
			sourceTree = "<group>";
		};
		F6E55EF61E9B469400E4EFB9 /* Frameworks */ = {
			isa = PBXGroup;
			children = (
				F6E55F0D1E9B475A00E4EFB9 /* libz.tbd */,
				F6E55F0B1E9B475200E4EFB9 /* libc++.tbd */,
				F6E55F091E9B474300E4EFB9 /* CoreMotion.framework */,
				F6E55F071E9B472800E4EFB9 /* CFNetwork.framework */,
				F6E55F051E9B471D00E4EFB9 /* Foundation.framework */,
				F6E55F031E9B470F00E4EFB9 /* UIKit.framework */,
				F6E55F011E9B470600E4EFB9 /* CoreGraphics.framework */,
				F6E55EFF1E9B46FA00E4EFB9 /* CoreText.framework */,
				F6E55EFD1E9B46F000E4EFB9 /* QuartzCore.framework */,
				F6E55EFB1E9B46E500E4EFB9 /* CoreTelephony.framework */,
				F6E55EF91E9B46D600E4EFB9 /* SystemConfiguration.framework */,
				F6E55EF71E9B469400E4EFB9 /* libsqlite3.tbd */,
			);
			name = Frameworks;
			sourceTree = "<group>";
		};
/* End PBXGroup section */

/* Begin PBXNativeTarget section */
		F6E55E9D1E9B414C00E4EFB9 /* ReactNativePay */ = {
			isa = PBXNativeTarget;
			buildConfigurationList = F6E55EA71E9B414C00E4EFB9 /* Build configuration list for PBXNativeTarget "ReactNativePay" */;
			buildPhases = (
				F6E55E9A1E9B414C00E4EFB9 /* Sources */,
				F6E55E9B1E9B414C00E4EFB9 /* Frameworks */,
				F6E55E9C1E9B414C00E4EFB9 /* CopyFiles */,
			);
			buildRules = (
			);
			dependencies = (
			);
			name = ReactNativePay;
			productName = ReactNativePay;
			productReference = F6E55E9E1E9B414C00E4EFB9 /* libReactNativePay.a */;
			productType = "com.apple.product-type.library.static";
		};
/* End PBXNativeTarget section */

/* Begin PBXProject section */
		F6E55E961E9B414C00E4EFB9 /* Project object */ = {
			isa = PBXProject;
			attributes = {
				LastUpgradeCheck = 0830;
				ORGANIZATIONNAME = cxz;
				TargetAttributes = {
					F6E55E9D1E9B414C00E4EFB9 = {
						CreatedOnToolsVersion = 8.3;
						ProvisioningStyle = Automatic;
					};
				};
			};
			buildConfigurationList = F6E55E991E9B414C00E4EFB9 /* Build configuration list for PBXProject "ReactNativePay" */;
			compatibilityVersion = "Xcode 3.2";
			developmentRegion = English;
			hasScannedForEncodings = 0;
			knownRegions = (
				en,
			);
			mainGroup = F6E55E951E9B414C00E4EFB9;
			productRefGroup = F6E55E9F1E9B414C00E4EFB9 /* Products */;
			projectDirPath = "";
			projectRoot = "";
			targets = (
				F6E55E9D1E9B414C00E4EFB9 /* ReactNativePay */,
			);
		};
/* End PBXProject section */

/* Begin PBXSourcesBuildPhase section */
		F6E55E9A1E9B414C00E4EFB9 /* Sources */ = {
			isa = PBXSourcesBuildPhase;
			buildActionMask = 2147483647;
			files = (
				F6E55EF31E9B465700E4EFB9 /* WXApiManager.m in Sources */,
				F6E55EA31E9B414C00E4EFB9 /* ReactNativePay.m in Sources */,
				F6E55EF41E9B465700E4EFB9 /* WXPay.m in Sources */,
			);
			runOnlyForDeploymentPostprocessing = 0;
		};
/* End PBXSourcesBuildPhase section */

/* Begin XCBuildConfiguration section */
		F6E55EA51E9B414C00E4EFB9 /* Debug */ = {
			isa = XCBuildConfiguration;
			buildSettings = {
				ALWAYS_SEARCH_USER_PATHS = NO;
				CLANG_ANALYZER_NONNULL = YES;
				CLANG_ANALYZER_NUMBER_OBJECT_CONVERSION = YES_AGGRESSIVE;
				CLANG_CXX_LANGUAGE_STANDARD = "gnu++0x";
				CLANG_CXX_LIBRARY = "libc++";
				CLANG_ENABLE_MODULES = YES;
				CLANG_ENABLE_OBJC_ARC = YES;
				CLANG_WARN_BOOL_CONVERSION = YES;
				CLANG_WARN_CONSTANT_CONVERSION = YES;
				CLANG_WARN_DIRECT_OBJC_ISA_USAGE = YES_ERROR;
				CLANG_WARN_DOCUMENTATION_COMMENTS = YES;
				CLANG_WARN_EMPTY_BODY = YES;
				CLANG_WARN_ENUM_CONVERSION = YES;
				CLANG_WARN_INFINITE_RECURSION = YES;
				CLANG_WARN_INT_CONVERSION = YES;
				CLANG_WARN_OBJC_ROOT_CLASS = YES_ERROR;
				CLANG_WARN_SUSPICIOUS_MOVE = YES;
				CLANG_WARN_UNREACHABLE_CODE = YES;
				CLANG_WARN__DUPLICATE_METHOD_MATCH = YES;
				"CODE_SIGN_IDENTITY[sdk=iphoneos*]" = "iPhone Developer";
				COPY_PHASE_STRIP = NO;
				DEBUG_INFORMATION_FORMAT = dwarf;
				ENABLE_STRICT_OBJC_MSGSEND = YES;
				ENABLE_TESTABILITY = YES;
				GCC_C_LANGUAGE_STANDARD = gnu99;
				GCC_DYNAMIC_NO_PIC = NO;
				GCC_NO_COMMON_BLOCKS = YES;
				GCC_OPTIMIZATION_LEVEL = 0;
				GCC_PREPROCESSOR_DEFINITIONS = (
					"DEBUG=1",
					"$(inherited)",
				);
				GCC_WARN_64_TO_32_BIT_CONVERSION = YES;
				GCC_WARN_ABOUT_RETURN_TYPE = YES_ERROR;
				GCC_WARN_UNDECLARED_SELECTOR = YES;
				GCC_WARN_UNINITIALIZED_AUTOS = YES_AGGRESSIVE;
				GCC_WARN_UNUSED_FUNCTION = YES;
				GCC_WARN_UNUSED_VARIABLE = YES;
				IPHONEOS_DEPLOYMENT_TARGET = 10.3;
				MTL_ENABLE_DEBUG_INFO = YES;
				ONLY_ACTIVE_ARCH = YES;
				SDKROOT = iphoneos;
			};
			name = Debug;
		};
		F6E55EA61E9B414C00E4EFB9 /* Release */ = {
			isa = XCBuildConfiguration;
			buildSettings = {
				ALWAYS_SEARCH_USER_PATHS = NO;
				CLANG_ANALYZER_NONNULL = YES;
				CLANG_ANALYZER_NUMBER_OBJECT_CONVERSION = YES_AGGRESSIVE;
				CLANG_CXX_LANGUAGE_STANDARD = "gnu++0x";
				CLANG_CXX_LIBRARY = "libc++";
				CLANG_ENABLE_MODULES = YES;
				CLANG_ENABLE_OBJC_ARC = YES;
				CLANG_WARN_BOOL_CONVERSION = YES;
				CLANG_WARN_CONSTANT_CONVERSION = YES;
				CLANG_WARN_DIRECT_OBJC_ISA_USAGE = YES_ERROR;
				CLANG_WARN_DOCUMENTATION_COMMENTS = YES;
				CLANG_WARN_EMPTY_BODY = YES;
				CLANG_WARN_ENUM_CONVERSION = YES;
				CLANG_WARN_INFINITE_RECURSION = YES;
				CLANG_WARN_INT_CONVERSION = YES;
				CLANG_WARN_OBJC_ROOT_CLASS = YES_ERROR;
				CLANG_WARN_SUSPICIOUS_MOVE = YES;
				CLANG_WARN_UNREACHABLE_CODE = YES;
				CLANG_WARN__DUPLICATE_METHOD_MATCH = YES;
				"CODE_SIGN_IDENTITY[sdk=iphoneos*]" = "iPhone Developer";
				COPY_PHASE_STRIP = NO;
				DEBUG_INFORMATION_FORMAT = "dwarf-with-dsym";
				ENABLE_NS_ASSERTIONS = NO;
				ENABLE_STRICT_OBJC_MSGSEND = YES;
				GCC_C_LANGUAGE_STANDARD = gnu99;
				GCC_NO_COMMON_BLOCKS = YES;
				GCC_WARN_64_TO_32_BIT_CONVERSION = YES;
				GCC_WARN_ABOUT_RETURN_TYPE = YES_ERROR;
				GCC_WARN_UNDECLARED_SELECTOR = YES;
				GCC_WARN_UNINITIALIZED_AUTOS = YES_AGGRESSIVE;
				GCC_WARN_UNUSED_FUNCTION = YES;
				GCC_WARN_UNUSED_VARIABLE = YES;
				IPHONEOS_DEPLOYMENT_TARGET = 10.3;
				MTL_ENABLE_DEBUG_INFO = NO;
				SDKROOT = iphoneos;
				VALIDATE_PRODUCT = YES;
			};
			name = Release;
		};
		F6E55EA81E9B414C00E4EFB9 /* Debug */ = {
			isa = XCBuildConfiguration;
			buildSettings = {
				FRAMEWORK_SEARCH_PATHS = (
					"$(inherited)",
					"$(PROJECT_DIR)/PaySdk/支付宝",
				);
				LIBRARY_SEARCH_PATHS = (
					"$(inherited)",
					"$(PROJECT_DIR)/PaySdk/微信",
				);
				OTHER_LDFLAGS = "-ObjC";
				PRODUCT_NAME = "$(TARGET_NAME)";
				SKIP_INSTALL = YES;
			};
			name = Debug;
		};
		F6E55EA91E9B414C00E4EFB9 /* Release */ = {
			isa = XCBuildConfiguration;
			buildSettings = {
				FRAMEWORK_SEARCH_PATHS = (
					"$(inherited)",
					"$(PROJECT_DIR)/PaySdk/支付宝",
				);
				LIBRARY_SEARCH_PATHS = (
					"$(inherited)",
					"$(PROJECT_DIR)/PaySdk/微信",
				);
				OTHER_LDFLAGS = "-ObjC";
				PRODUCT_NAME = "$(TARGET_NAME)";
				SKIP_INSTALL = YES;
			};
			name = Release;
		};
/* End XCBuildConfiguration section */

/* Begin XCConfigurationList section */
		F6E55E991E9B414C00E4EFB9 /* Build configuration list for PBXProject "ReactNativePay" */ = {
			isa = XCConfigurationList;
			buildConfigurations = (
				F6E55EA51E9B414C00E4EFB9 /* Debug */,
				F6E55EA61E9B414C00E4EFB9 /* Release */,
			);
			defaultConfigurationIsVisible = 0;
			defaultConfigurationName = Release;
		};
		F6E55EA71E9B414C00E4EFB9 /* Build configuration list for PBXNativeTarget "ReactNativePay" */ = {
			isa = XCConfigurationList;
			buildConfigurations = (
				F6E55EA81E9B414C00E4EFB9 /* Debug */,
				F6E55EA91E9B414C00E4EFB9 /* Release */,
			);
			defaultConfigurationIsVisible = 0;
			defaultConfigurationName = Release;
		};
/* End XCConfigurationList section */
	};
	rootObject = F6E55E961E9B414C00E4EFB9 /* Project object */;
}
